
Microsoft Visual Studio Solution File, Format Version 12.00
# Visual Studio 15
VisualStudioVersion = 15.0.28010.0
MinimumVisualStudioVersion = 10.0.40219.1
Project("{FAE04EC0-301F-11D3-BF4B-00C04F79EFBC}") = "szs-unpacker", "szs-unpacker.csproj", "{339535C8-4A59-468C-84D9-7F6E42D08798}"
EndProject
Global
	GlobalSection(SolutionConfigurationPlatforms) = preSolution
		Debug|Any CPU = Debug|Any CPU
		Release|Any CPU = Release|Any CPU
	EndGlobalSection
	GlobalSection(ProjectConfigurationPlatforms) = postSolution
		{339535C8-4A59-468C-84D9-7F6E42D08798}.Debug|Any CPU.ActiveCfg = Debug|Any CPU
		{339535C8-4A59-468C-84D9-7F6E42D08798}.Debug|Any CPU.Build.0 = Debug|Any CPU
		{339535C8-4A59-468C-84D9-7F6E42D08798}.Release|Any CPU.ActiveCfg = Release|Any CPU
		{339535C8-4A59-468C-84D9-7F6E42D08798}.Release|Any CPU.Build.0 = Release|Any CPU
	EndGlobalSection
	GlobalSection(SolutionProperties) = preSolution
		HideSolutionNode = FALSE
	EndGlobalSection
	GlobalSection(ExtensibilityGlobals) = postSolution
		SolutionGuid = {AF53A191-55F5-454E-BB87-6A0C3FAFFBAB}
	EndGlobalSection
EndGlobal
